
Microsoft Visual Studio Solution File, Format Version 12.00
# Visual Studio Version 16
VisualStudioVersion = 16.0.31702.278
MinimumVisualStudioVersion = 10.0.40219.1
Project("{FAE04EC0-301F-11D3-BF4B-00C04F79EFBC}") = "ConsoleAppEx17", "ConsoleAppEx17.csproj", "{497C8346-BB2D-4F5B-BE64-B8BDC06B88AB}"
EndProject
Global
	GlobalSection(SolutionConfigurationPlatforms) = preSolution
		Debug|Any CPU = Debug|Any CPU
		Release|Any CPU = Release|Any CPU
	EndGlobalSection
	GlobalSection(ProjectConfigurationPlatforms) = postSolution
		{497C8346-BB2D-4F5B-BE64-B8BDC06B88AB}.Debug|Any CPU.ActiveCfg = Debug|Any CPU
		{497C8346-BB2D-4F5B-BE64-B8BDC06B88AB}.Debug|Any CPU.Build.0 = Debug|Any CPU
		{497C8346-BB2D-4F5B-BE64-B8BDC06B88AB}.Release|Any CPU.ActiveCfg = Release|Any CPU
		{497C8346-BB2D-4F5B-BE64-B8BDC06B88AB}.Release|Any CPU.Build.0 = Release|Any CPU
	EndGlobalSection
	GlobalSection(SolutionProperties) = preSolution
		HideSolutionNode = FALSE
	EndGlobalSection
	GlobalSection(ExtensibilityGlobals) = postSolution
		SolutionGuid = {11614782-322C-479F-A90A-616E350FFD07}
	EndGlobalSection
EndGlobal
