
Microsoft Visual Studio Solution File, Format Version 12.00
# Visual Studio Version 16
VisualStudioVersion = 16.0.31515.178
MinimumVisualStudioVersion = 10.0.40219.1
Project("{FAE04EC0-301F-11D3-BF4B-00C04F79EFBC}") = "ConsoleAppEx16", "ConsoleAppEx16.csproj", "{C368AF2D-0A2B-4660-8056-8E999B6801AF}"
EndProject
Global
	GlobalSection(SolutionConfigurationPlatforms) = preSolution
		Debug|Any CPU = Debug|Any CPU
		Release|Any CPU = Release|Any CPU
	EndGlobalSection
	GlobalSection(ProjectConfigurationPlatforms) = postSolution
		{C368AF2D-0A2B-4660-8056-8E999B6801AF}.Debug|Any CPU.ActiveCfg = Debug|Any CPU
		{C368AF2D-0A2B-4660-8056-8E999B6801AF}.Debug|Any CPU.Build.0 = Debug|Any CPU
		{C368AF2D-0A2B-4660-8056-8E999B6801AF}.Release|Any CPU.ActiveCfg = Release|Any CPU
		{C368AF2D-0A2B-4660-8056-8E999B6801AF}.Release|Any CPU.Build.0 = Release|Any CPU
	EndGlobalSection
	GlobalSection(SolutionProperties) = preSolution
		HideSolutionNode = FALSE
	EndGlobalSection
	GlobalSection(ExtensibilityGlobals) = postSolution
		SolutionGuid = {18F2BD97-3B2D-4FDB-9CA3-7757F4934A18}
	EndGlobalSection
EndGlobal
