
Microsoft Visual Studio Solution File, Format Version 12.00
# Visual Studio Version 16
VisualStudioVersion = 16.0.31515.178
MinimumVisualStudioVersion = 10.0.40219.1
Project("{FAE04EC0-301F-11D3-BF4B-00C04F79EFBC}") = "ConsoleAppEx14", "ConsoleAppEx14.csproj", "{2D7B5C08-33F3-4646-8669-E9B6BB92DB02}"
EndProject
Global
	GlobalSection(SolutionConfigurationPlatforms) = preSolution
		Debug|Any CPU = Debug|Any CPU
		Release|Any CPU = Release|Any CPU
	EndGlobalSection
	GlobalSection(ProjectConfigurationPlatforms) = postSolution
		{2D7B5C08-33F3-4646-8669-E9B6BB92DB02}.Debug|Any CPU.ActiveCfg = Debug|Any CPU
		{2D7B5C08-33F3-4646-8669-E9B6BB92DB02}.Debug|Any CPU.Build.0 = Debug|Any CPU
		{2D7B5C08-33F3-4646-8669-E9B6BB92DB02}.Release|Any CPU.ActiveCfg = Release|Any CPU
		{2D7B5C08-33F3-4646-8669-E9B6BB92DB02}.Release|Any CPU.Build.0 = Release|Any CPU
	EndGlobalSection
	GlobalSection(SolutionProperties) = preSolution
		HideSolutionNode = FALSE
	EndGlobalSection
	GlobalSection(ExtensibilityGlobals) = postSolution
		SolutionGuid = {AFAF116A-DE74-4728-91E2-B23EE81A7602}
	EndGlobalSection
EndGlobal
